{
  "requires": true,
  "lockfileVersion": 1,
  "dependencies": {
    "@angular/cdk": {
      "version": "12.2.4",
      "resolved": "https://registry.npmjs.org/@angular/cdk/-/cdk-12.2.4.tgz",
      "integrity": "sha512-XvdMWz2iJgcSD0fMM9I29i9/XV4/1MTqSPN+c5EIESLXhjhh4o6VFOsKcj4BfrJxO6tadqA0AdGA0AJfP+de/w==",
      "requires": {
        "parse5": "^5.0.0",
        "tslib": "^2.2.0"
      }
    },
    "@angular/common": {
      "version": "12.2.4",
      "resolved": "https://registry.npmjs.org/@angular/common/-/common-12.2.4.tgz",
      "integrity": "sha512-GbYcy3m1r2lPlbonodY8c04l/11p9BRcWJ8i+begu2iG7JofRIX8+XOFINMNlOspjo+VZFhVoTlXM7R0Zmfi8Q==",
      "requires": {
        "tslib": "^2.2.0"
      }
    },
    "@angular/core": {
      "version": "12.2.4",
      "resolved": "https://registry.npmjs.org/@angular/core/-/core-12.2.4.tgz",
      "integrity": "sha512-+TlS6vI56YkvUoQI/Er7kXzi5sjd/oayb8+iTnecX1u0UOpBYzcE8NLeHqSS9qPUjWSiw0JjgW07gdzxlye3aQ==",
      "requires": {
        "tslib": "^2.2.0"
      }
    },
    "angular": {
      "version": "1.8.2",
      "resolved": "https://registry.npmjs.org/angular/-/angular-1.8.2.tgz",
      "integrity": "sha512-IauMOej2xEe7/7Ennahkbb5qd/HFADiNuLSESz9Q27inmi32zB0lnAsFeLEWcox3Gd1F6YhNd1CP7/9IukJ0Gw=="
    },
    "parse5": {
      "version": "5.1.1",
      "resolved": "https://registry.npmjs.org/parse5/-/parse5-5.1.1.tgz",
      "integrity": "sha512-ugq4DFI0Ptb+WWjAdOK16+u/nHfiIrcE+sh8kZMaM0WllQKLI9rOUq6c2b7cwPkXdzfQESqvoqK6ug7U/Yyzug=="
    },
    "rxjs": {
      "version": "7.3.0",
      "resolved": "https://registry.npmjs.org/rxjs/-/rxjs-7.3.0.tgz",
      "integrity": "sha512-p2yuGIg9S1epc3vrjKf6iVb3RCaAYjYskkO+jHIaV0IjOPlJop4UnodOoFb2xeNwlguqLYvGw1b1McillYb5Gw==",
      "requires": {
        "tslib": "~2.1.0"
      },
      "dependencies": {
        "tslib": {
          "version": "2.1.0",
          "resolved": "https://registry.npmjs.org/tslib/-/tslib-2.1.0.tgz",
          "integrity": "sha512-hcVC3wYEziELGGmEEXue7D75zbwIIVUMWAVbHItGPx0ziyXxrOMQx4rQEVEV45Ut/1IotuEvwqPopzIOkDMf0A=="
        }
      }
    },
    "tslib": {
      "version": "2.3.1",
      "resolved": "https://registry.npmjs.org/tslib/-/tslib-2.3.1.tgz",
      "integrity": "sha512-77EbyPPpMz+FRFRuAFlWMtmgUWGe9UOG2Z25NqCwiIjRhOf5iKGuzSe5P2w1laq+FkRy4p+PCuVkJSGkzTEKVw=="
    }
  }
}
